
Microsoft Visual Studio Solution File, Format Version 12.00
# Visual Studio Version 16
VisualStudioVersion = 16.0.31911.196
MinimumVisualStudioVersion = 10.0.40219.1
Project("{8BC9CEB8-8B4A-11D0-8D11-00A0C91BC942}") = "kb-scroller", "kb-scroller.vcxproj", "{BD04943C-78D3-4F29-830D-4B74FF96E111}"
EndProject
Global
	GlobalSection(SolutionConfigurationPlatforms) = preSolution
		Debug|x64 = Debug|x64
		Debug|x86 = Debug|x86
		Release|x64 = Release|x64
		Release|x86 = Release|x86
	EndGlobalSection
	GlobalSection(ProjectConfigurationPlatforms) = postSolution
		{BD04943C-78D3-4F29-830D-4B74FF96E111}.Debug|x64.ActiveCfg = Debug|x64
		{BD04943C-78D3-4F29-830D-4B74FF96E111}.Debug|x64.Build.0 = Debug|x64
		{BD04943C-78D3-4F29-830D-4B74FF96E111}.Debug|x86.ActiveCfg = Debug|Win32
		{BD04943C-78D3-4F29-830D-4B74FF96E111}.Debug|x86.Build.0 = Debug|Win32
		{BD04943C-78D3-4F29-830D-4B74FF96E111}.Release|x64.ActiveCfg = Release|x64
		{BD04943C-78D3-4F29-830D-4B74FF96E111}.Release|x64.Build.0 = Release|x64
		{BD04943C-78D3-4F29-830D-4B74FF96E111}.Release|x86.ActiveCfg = Release|Win32
		{BD04943C-78D3-4F29-830D-4B74FF96E111}.Release|x86.Build.0 = Release|Win32
	EndGlobalSection
	GlobalSection(SolutionProperties) = preSolution
		HideSolutionNode = FALSE
	EndGlobalSection
	GlobalSection(ExtensibilityGlobals) = postSolution
		SolutionGuid = {D6AF970A-F9B9-4799-B8FD-51DEDD0521CD}
	EndGlobalSection
EndGlobal
